
Microsoft Visual Studio Solution File, Format Version 12.00
# Visual Studio 15
VisualStudioVersion = 15.0.26730.16
MinimumVisualStudioVersion = 10.0.40219.1
Project("{9A19103F-16F7-4668-BE54-9A1E7A4F7556}") = "AngularSPATest", "AngularSPATest.csproj", "{59900B3D-B263-40E4-B9A2-7F3EBCA660E8}"
EndProject
Global
	GlobalSection(SolutionConfigurationPlatforms) = preSolution
		Debug|Any CPU = Debug|Any CPU
		Release|Any CPU = Release|Any CPU
	EndGlobalSection
	GlobalSection(ProjectConfigurationPlatforms) = postSolution
		{59900B3D-B263-40E4-B9A2-7F3EBCA660E8}.Debug|Any CPU.ActiveCfg = Debug|Any CPU
		{59900B3D-B263-40E4-B9A2-7F3EBCA660E8}.Debug|Any CPU.Build.0 = Debug|Any CPU
		{59900B3D-B263-40E4-B9A2-7F3EBCA660E8}.Release|Any CPU.ActiveCfg = Release|Any CPU
		{59900B3D-B263-40E4-B9A2-7F3EBCA660E8}.Release|Any CPU.Build.0 = Release|Any CPU
	EndGlobalSection
	GlobalSection(SolutionProperties) = preSolution
		HideSolutionNode = FALSE
	EndGlobalSection
	GlobalSection(ExtensibilityGlobals) = postSolution
		SolutionGuid = {2AB9EF89-1F99-4FA6-A667-D03E80B2BB5D}
	EndGlobalSection
EndGlobal
